
Microsoft Visual Studio Solution File, Format Version 12.00
# Visual Studio Version 16
VisualStudioVersion = 16.0.32228.343
MinimumVisualStudioVersion = 10.0.40219.1
Project("{FAE04EC0-301F-11D3-BF4B-00C04F79EFBC}") = "DarzaChecker", "DarzaChecker\DarzaChecker.csproj", "{51A4CDD6-BAAE-41DE-80CE-D39AD12BF97F}"
EndProject
Global
	GlobalSection(SolutionConfigurationPlatforms) = preSolution
		Debug|Any CPU = Debug|Any CPU
		Release|Any CPU = Release|Any CPU
	EndGlobalSection
	GlobalSection(ProjectConfigurationPlatforms) = postSolution
		{51A4CDD6-BAAE-41DE-80CE-D39AD12BF97F}.Debug|Any CPU.ActiveCfg = Debug|Any CPU
		{51A4CDD6-BAAE-41DE-80CE-D39AD12BF97F}.Debug|Any CPU.Build.0 = Debug|Any CPU
		{51A4CDD6-BAAE-41DE-80CE-D39AD12BF97F}.Release|Any CPU.ActiveCfg = Release|Any CPU
		{51A4CDD6-BAAE-41DE-80CE-D39AD12BF97F}.Release|Any CPU.Build.0 = Release|Any CPU
	EndGlobalSection
	GlobalSection(SolutionProperties) = preSolution
		HideSolutionNode = FALSE
	EndGlobalSection
	GlobalSection(ExtensibilityGlobals) = postSolution
		SolutionGuid = {2A966C14-28E6-4F27-9B3D-1EE6E7B5BA84}
	EndGlobalSection
EndGlobal
